// !$*UTF8*$!
{
	archiveVersion = 1;
	classes = {
	};
	objectVersion = 55;
	objects = {

/* Begin PBXBuildFile section */
		D6DEFCF92A3C4829008165F8 /* SwiftUISearchListApp.swift in Sources */ = {isa = PBXBuildFile; fileRef = D6DEFCF82A3C4829008165F8 /* SwiftUISearchListApp.swift */; };
		D6DEFCFB2A3C4829008165F8 /* ContentView.swift in Sources */ = {isa = PBXBuildFile; fileRef = D6DEFCFA2A3C4829008165F8 /* ContentView.swift */; };
		D6DEFCFD2A3C482C008165F8 /* Assets.xcassets in Resources */ = {isa = PBXBuildFile; fileRef = D6DEFCFC2A3C482C008165F8 /* Assets.xcassets */; };
		D6DEFD002A3C482C008165F8 /* Preview Assets.xcassets in Resources */ = {isa = PBXBuildFile; fileRef = D6DEFCFF2A3C482C008165F8 /* Preview Assets.xcassets */; };
		D6DEFD0A2A3C482C008165F8 /* SwiftUISearchListTests.swift in Sources */ = {isa = PBXBuildFile; fileRef = D6DEFD092A3C482C008165F8 /* SwiftUISearchListTests.swift */; };
		D6DEFD142A3C482C008165F8 /* SwiftUISearchListUITests.swift in Sources */ = {isa = PBXBuildFile; fileRef = D6DEFD132A3C482C008165F8 /* SwiftUISearchListUITests.swift */; };
		D6DEFD162A3C482C008165F8 /* SwiftUISearchListUITestsLaunchTests.swift in Sources */ = {isa = PBXBuildFile; fileRef = D6DEFD152A3C482C008165F8 /* SwiftUISearchListUITestsLaunchTests.swift */; };
/* End PBXBuildFile section */

/* Begin PBXContainerItemProxy section */
		D6DEFD062A3C482C008165F8 /* PBXContainerItemProxy */ = {
			isa = PBXContainerItemProxy;
			containerPortal = D6DEFCED2A3C4829008165F8 /* Project object */;
			proxyType = 1;
			remoteGlobalIDString = D6DEFCF42A3C4829008165F8;
			remoteInfo = SwiftUISearchList;
		};
		D6DEFD102A3C482C008165F8 /* PBXContainerItemProxy */ = {
			isa = PBXContainerItemProxy;
			containerPortal = D6DEFCED2A3C4829008165F8 /* Project object */;
			proxyType = 1;
			remoteGlobalIDString = D6DEFCF42A3C4829008165F8;
			remoteInfo = SwiftUISearchList;
		};
/* End PBXContainerItemProxy section */

/* Begin PBXFileReference section */
		D6DEFCF52A3C4829008165F8 /* SwiftUISearchList.app */ = {isa = PBXFileReference; explicitFileType = wrapper.application; includeInIndex = 0; path = SwiftUISearchList.app; sourceTree = BUILT_PRODUCTS_DIR; };
		D6DEFCF82A3C4829008165F8 /* SwiftUISearchListApp.swift */ = {isa = PBXFileReference; lastKnownFileType = sourcecode.swift; path = SwiftUISearchListApp.swift; sourceTree = "<group>"; };
		D6DEFCFA2A3C4829008165F8 /* ContentView.swift */ = {isa = PBXFileReference; lastKnownFileType = sourcecode.swift; path = ContentView.swift; sourceTree = "<group>"; };
		D6DEFCFC2A3C482C008165F8 /* Assets.xcassets */ = {isa = PBXFileReference; lastKnownFileType = folder.assetcatalog; path = Assets.xcassets; sourceTree = "<group>"; };
		D6DEFCFF2A3C482C008165F8 /* Preview Assets.xcassets */ = {isa = PBXFileReference; lastKnownFileType = folder.assetcatalog; path = "Preview Assets.xcassets"; sourceTree = "<group>"; };
		D6DEFD052A3C482C008165F8 /* SwiftUISearchListTests.xctest */ = {isa = PBXFileReference; explicitFileType = wrapper.cfbundle; includeInIndex = 0; path = SwiftUISearchListTests.xctest; sourceTree = BUILT_PRODUCTS_DIR; };
		D6DEFD092A3C482C008165F8 /* SwiftUISearchListTests.swift */ = {isa = PBXFileReference; lastKnownFileType = sourcecode.swift; path = SwiftUISearchListTests.swift; sourceTree = "<group>"; };
		D6DEFD0F2A3C482C008165F8 /* SwiftUISearchListUITests.xctest */ = {isa = PBXFileReference; explicitFileType = wrapper.cfbundle; includeInIndex = 0; path = SwiftUISearchListUITests.xctest; sourceTree = BUILT_PRODUCTS_DIR; };
		D6DEFD132A3C482C008165F8 /* SwiftUISearchListUITests.swift */ = {isa = PBXFileReference; lastKnownFileType = sourcecode.swift; path = SwiftUISearchListUITests.swift; sourceTree = "<group>"; };
		D6DEFD152A3C482C008165F8 /* SwiftUISearchListUITestsLaunchTests.swift */ = {isa = PBXFileReference; lastKnownFileType = sourcecode.swift; path = SwiftUISearchListUITestsLaunchTests.swift; sourceTree = "<group>"; };
/* End PBXFileReference section */

/* Begin PBXFrameworksBuildPhase section */
		D6DEFCF22A3C4829008165F8 /* Frameworks */ = {
			isa = PBXFrameworksBuildPhase;
			buildActionMask = 2147483647;
			files = (
			);
			runOnlyForDeploymentPostprocessing = 0;
		};
		D6DEFD022A3C482C008165F8 /* Frameworks */ = {
			isa = PBXFrameworksBuildPhase;
			buildActionMask = 2147483647;
			files = (
			);
			runOnlyForDeploymentPostprocessing = 0;
		};
		D6DEFD0C2A3C482C008165F8 /* Frameworks */ = {
			isa = PBXFrameworksBuildPhase;
			buildActionMask = 2147483647;
			files = (
			);
			runOnlyForDeploymentPostprocessing = 0;
		};
/* End PBXFrameworksBuildPhase section */

/* Begin PBXGroup section */
		D6DEFCEC2A3C4829008165F8 = {
			isa = PBXGroup;
			children = (
				D6DEFCF72A3C4829008165F8 /* SwiftUISearchList */,
				D6DEFD082A3C482C008165F8 /* SwiftUISearchListTests */,
				D6DEFD122A3C482C008165F8 /* SwiftUISearchListUITests */,
				D6DEFCF62A3C4829008165F8 /* Products */,
			);
			sourceTree = "<group>";
		};
		D6DEFCF62A3C4829008165F8 /* Products */ = {
			isa = PBXGroup;
			children = (
				D6DEFCF52A3C4829008165F8 /* SwiftUISearchList.app */,
				D6DEFD052A3C482C008165F8 /* SwiftUISearchListTests.xctest */,
				D6DEFD0F2A3C482C008165F8 /* SwiftUISearchListUITests.xctest */,
			);
			name = Products;
			sourceTree = "<group>";
		};
		D6DEFCF72A3C4829008165F8 /* SwiftUISearchList */ = {
			isa = PBXGroup;
			children = (
				D6DEFCF82A3C4829008165F8 /* SwiftUISearchListApp.swift */,
				D6DEFCFA2A3C4829008165F8 /* ContentView.swift */,
				D6DEFCFC2A3C482C008165F8 /* Assets.xcassets */,
				D6DEFCFE2A3C482C008165F8 /* Preview Content */,
			);
			path = SwiftUISearchList;
			sourceTree = "<group>";
		};
		D6DEFCFE2A3C482C008165F8 /* Preview Content */ = {
			isa = PBXGroup;
			children = (
				D6DEFCFF2A3C482C008165F8 /* Preview Assets.xcassets */,
			);
			path = "Preview Content";
			sourceTree = "<group>";
		};
		D6DEFD082A3C482C008165F8 /* SwiftUISearchListTests */ = {
			isa = PBXGroup;
			children = (
				D6DEFD092A3C482C008165F8 /* SwiftUISearchListTests.swift */,
			);
			path = SwiftUISearchListTests;
			sourceTree = "<group>";
		};
		D6DEFD122A3C482C008165F8 /* SwiftUISearchListUITests */ = {
			isa = PBXGroup;
			children = (
				D6DEFD132A3C482C008165F8 /* SwiftUISearchListUITests.swift */,
				D6DEFD152A3C482C008165F8 /* SwiftUISearchListUITestsLaunchTests.swift */,
			);
			path = SwiftUISearchListUITests;
			sourceTree = "<group>";
		};
/* End PBXGroup section */

/* Begin PBXNativeTarget section */
		D6DEFCF42A3C4829008165F8 /* SwiftUISearchList */ = {
			isa = PBXNativeTarget;
			buildConfigurationList = D6DEFD192A3C482C008165F8 /* Build configuration list for PBXNativeTarget "SwiftUISearchList" */;
			buildPhases = (
				D6DEFCF12A3C4829008165F8 /* Sources */,
				D6DEFCF22A3C4829008165F8 /* Frameworks */,
				D6DEFCF32A3C4829008165F8 /* Resources */,
			);
			buildRules = (
			);
			dependencies = (
			);
			name = SwiftUISearchList;
			productName = SwiftUISearchList;
			productReference = D6DEFCF52A3C4829008165F8 /* SwiftUISearchList.app */;
			productType = "com.apple.product-type.application";
		};
		D6DEFD042A3C482C008165F8 /* SwiftUISearchListTests */ = {
			isa = PBXNativeTarget;
			buildConfigurationList = D6DEFD1C2A3C482C008165F8 /* Build configuration list for PBXNativeTarget "SwiftUISearchListTests" */;
			buildPhases = (
				D6DEFD012A3C482C008165F8 /* Sources */,
				D6DEFD022A3C482C008165F8 /* Frameworks */,
				D6DEFD032A3C482C008165F8 /* Resources */,
			);
			buildRules = (
			);
			dependencies = (
				D6DEFD072A3C482C008165F8 /* PBXTargetDependency */,
			);
			name = SwiftUISearchListTests;
			productName = SwiftUISearchListTests;
			productReference = D6DEFD052A3C482C008165F8 /* SwiftUISearchListTests.xctest */;
			productType = "com.apple.product-type.bundle.unit-test";
		};
		D6DEFD0E2A3C482C008165F8 /* SwiftUISearchListUITests */ = {
			isa = PBXNativeTarget;
			buildConfigurationList = D6DEFD1F2A3C482C008165F8 /* Build configuration list for PBXNativeTarget "SwiftUISearchListUITests" */;
			buildPhases = (
				D6DEFD0B2A3C482C008165F8 /* Sources */,
				D6DEFD0C2A3C482C008165F8 /* Frameworks */,
				D6DEFD0D2A3C482C008165F8 /* Resources */,
			);
			buildRules = (
			);
			dependencies = (
				D6DEFD112A3C482C008165F8 /* PBXTargetDependency */,
			);
			name = SwiftUISearchListUITests;
			productName = SwiftUISearchListUITests;
			productReference = D6DEFD0F2A3C482C008165F8 /* SwiftUISearchListUITests.xctest */;
			productType = "com.apple.product-type.bundle.ui-testing";
		};
/* End PBXNativeTarget section */

/* Begin PBXProject section */
		D6DEFCED2A3C4829008165F8 /* Project object */ = {
			isa = PBXProject;
			attributes = {
				BuildIndependentTargetsInParallel = 1;
				LastSwiftUpdateCheck = 1320;
				LastUpgradeCheck = 1320;
				TargetAttributes = {
					D6DEFCF42A3C4829008165F8 = {
						CreatedOnToolsVersion = 13.2.1;
					};
					D6DEFD042A3C482C008165F8 = {
						CreatedOnToolsVersion = 13.2.1;
						TestTargetID = D6DEFCF42A3C4829008165F8;
					};
					D6DEFD0E2A3C482C008165F8 = {
						CreatedOnToolsVersion = 13.2.1;
						TestTargetID = D6DEFCF42A3C4829008165F8;
					};
				};
			};
			buildConfigurationList = D6DEFCF02A3C4829008165F8 /* Build configuration list for PBXProject "SwiftUISearchList" */;
			compatibilityVersion = "Xcode 13.0";
			developmentRegion = en;
			hasScannedForEncodings = 0;
			knownRegions = (
				en,
				Base,
			);
			mainGroup = D6DEFCEC2A3C4829008165F8;
			productRefGroup = D6DEFCF62A3C4829008165F8 /* Products */;
			projectDirPath = "";
			projectRoot = "";
			targets = (
				D6DEFCF42A3C4829008165F8 /* SwiftUISearchList */,
				D6DEFD042A3C482C008165F8 /* SwiftUISearchListTests */,
				D6DEFD0E2A3C482C008165F8 /* SwiftUISearchListUITests */,
			);
		};
/* End PBXProject section */

/* Begin PBXResourcesBuildPhase section */
		D6DEFCF32A3C4829008165F8 /* Resources */ = {
			isa = PBXResourcesBuildPhase;
			buildActionMask = 2147483647;
			files = (
				D6DEFD002A3C482C008165F8 /* Preview Assets.xcassets in Resources */,
				D6DEFCFD2A3C482C008165F8 /* Assets.xcassets in Resources */,
			);
			runOnlyForDeploymentPostprocessing = 0;
		};
		D6DEFD032A3C482C008165F8 /* Resources */ = {
			isa = PBXResourcesBuildPhase;
			buildActionMask = 2147483647;
			files = (
			);
			runOnlyForDeploymentPostprocessing = 0;
		};
		D6DEFD0D2A3C482C008165F8 /* Resources */ = {
			isa = PBXResourcesBuildPhase;
			buildActionMask = 2147483647;
			files = (
			);
			runOnlyForDeploymentPostprocessing = 0;
		};
/* End PBXResourcesBuildPhase section */

/* Begin PBXSourcesBuildPhase section */
		D6DEFCF12A3C4829008165F8 /* Sources */ = {
			isa = PBXSourcesBuildPhase;
			buildActionMask = 2147483647;
			files = (
				D6DEFCFB2A3C4829008165F8 /* ContentView.swift in Sources */,
				D6DEFCF92A3C4829008165F8 /* SwiftUISearchListApp.swift in Sources */,
			);
			runOnlyForDeploymentPostprocessing = 0;
		};
		D6DEFD012A3C482C008165F8 /* Sources */ = {
			isa = PBXSourcesBuildPhase;
			buildActionMask = 2147483647;
			files = (
				D6DEFD0A2A3C482C008165F8 /* SwiftUISearchListTests.swift in Sources */,
			);
			runOnlyForDeploymentPostprocessing = 0;
		};
		D6DEFD0B2A3C482C008165F8 /* Sources */ = {
			isa = PBXSourcesBuildPhase;
			buildActionMask = 2147483647;
			files = (
				D6DEFD162A3C482C008165F8 /* SwiftUISearchListUITestsLaunchTests.swift in Sources */,
				D6DEFD142A3C482C008165F8 /* SwiftUISearchListUITests.swift in Sources */,
			);
			runOnlyForDeploymentPostprocessing = 0;
		};
/* End PBXSourcesBuildPhase section */

/* Begin PBXTargetDependency section */
		D6DEFD072A3C482C008165F8 /* PBXTargetDependency */ = {
			isa = PBXTargetDependency;
			target = D6DEFCF42A3C4829008165F8 /* SwiftUISearchList */;
			targetProxy = D6DEFD062A3C482C008165F8 /* PBXContainerItemProxy */;
		};
		D6DEFD112A3C482C008165F8 /* PBXTargetDependency */ = {
			isa = PBXTargetDependency;
			target = D6DEFCF42A3C4829008165F8 /* SwiftUISearchList */;
			targetProxy = D6DEFD102A3C482C008165F8 /* PBXContainerItemProxy */;
		};
/* End PBXTargetDependency section */

/* Begin XCBuildConfiguration section */
		D6DEFD172A3C482C008165F8 /* Debug */ = {
			isa = XCBuildConfiguration;
			buildSettings = {
				ALWAYS_SEARCH_USER_PATHS = NO;
				CLANG_ANALYZER_NONNULL = YES;
				CLANG_ANALYZER_NUMBER_OBJECT_CONVERSION = YES_AGGRESSIVE;
				CLANG_CXX_LANGUAGE_STANDARD = "gnu++17";
				CLANG_CXX_LIBRARY = "libc++";
				CLANG_ENABLE_MODULES = YES;
				CLANG_ENABLE_OBJC_ARC = YES;
				CLANG_ENABLE_OBJC_WEAK = YES;
				CLANG_WARN_BLOCK_CAPTURE_AUTORELEASING = YES;
				CLANG_WARN_BOOL_CONVERSION = YES;
				CLANG_WARN_COMMA = YES;
				CLANG_WARN_CONSTANT_CONVERSION = YES;
				CLANG_WARN_DEPRECATED_OBJC_IMPLEMENTATIONS = YES;
				CLANG_WARN_DIRECT_OBJC_ISA_USAGE = YES_ERROR;
				CLANG_WARN_DOCUMENTATION_COMMENTS = YES;
				CLANG_WARN_EMPTY_BODY = YES;
				CLANG_WARN_ENUM_CONVERSION = YES;
				CLANG_WARN_INFINITE_RECURSION = YES;
				CLANG_WARN_INT_CONVERSION = YES;
				CLANG_WARN_NON_LITERAL_NULL_CONVERSION = YES;
				CLANG_WARN_OBJC_IMPLICIT_RETAIN_SELF = YES;
				CLANG_WARN_OBJC_LITERAL_CONVERSION = YES;
				CLANG_WARN_OBJC_ROOT_CLASS = YES_ERROR;
				CLANG_WARN_QUOTED_INCLUDE_IN_FRAMEWORK_HEADER = YES;
				CLANG_WARN_RANGE_LOOP_ANALYSIS = YES;
				CLANG_WARN_STRICT_PROTOTYPES = YES;
				CLANG_WARN_SUSPICIOUS_MOVE = YES;
				CLANG_WARN_UNGUARDED_AVAILABILITY = YES_AGGRESSIVE;
				CLANG_WARN_UNREACHABLE_CODE = YES;
				CLANG_WARN__DUPLICATE_METHOD_MATCH = YES;
				COPY_PHASE_STRIP = NO;
				DEBUG_INFORMATION_FORMAT = dwarf;
				ENABLE_STRICT_OBJC_MSGSEND = YES;
				ENABLE_TESTABILITY = YES;
				GCC_C_LANGUAGE_STANDARD = gnu11;
				GCC_DYNAMIC_NO_PIC = NO;
				GCC_NO_COMMON_BLOCKS = YES;
				GCC_OPTIMIZATION_LEVEL = 0;
				GCC_PREPROCESSOR_DEFINITIONS = (
					"DEBUG=1",
					"$(inherited)",
				);
				GCC_WARN_64_TO_32_BIT_CONVERSION = YES;
				GCC_WARN_ABOUT_RETURN_TYPE = YES_ERROR;
				GCC_WARN_UNDECLARED_SELECTOR = YES;
				GCC_WARN_UNINITIALIZED_AUTOS = YES_AGGRESSIVE;
				GCC_WARN_UNUSED_FUNCTION = YES;
				GCC_WARN_UNUSED_VARIABLE = YES;
				IPHONEOS_DEPLOYMENT_TARGET = 15.2;
				MTL_ENABLE_DEBUG_INFO = INCLUDE_SOURCE;
				MTL_FAST_MATH = YES;
				ONLY_ACTIVE_ARCH = YES;
				SDKROOT = iphoneos;
				SWIFT_ACTIVE_COMPILATION_CONDITIONS = DEBUG;
				SWIFT_OPTIMIZATION_LEVEL = "-Onone";
			};
			name = Debug;
		};
		D6DEFD182A3C482C008165F8 /* Release */ = {
			isa = XCBuildConfiguration;
			buildSettings = {
				ALWAYS_SEARCH_USER_PATHS = NO;
				CLANG_ANALYZER_NONNULL = YES;
				CLANG_ANALYZER_NUMBER_OBJECT_CONVERSION = YES_AGGRESSIVE;
				CLANG_CXX_LANGUAGE_STANDARD = "gnu++17";
				CLANG_CXX_LIBRARY = "libc++";
				CLANG_ENABLE_MODULES = YES;
				CLANG_ENABLE_OBJC_ARC = YES;
				CLANG_ENABLE_OBJC_WEAK = YES;
				CLANG_WARN_BLOCK_CAPTURE_AUTORELEASING = YES;
				CLANG_WARN_BOOL_CONVERSION = YES;
				CLANG_WARN_COMMA = YES;
				CLANG_WARN_CONSTANT_CONVERSION = YES;
				CLANG_WARN_DEPRECATED_OBJC_IMPLEMENTATIONS = YES;
				CLANG_WARN_DIRECT_OBJC_ISA_USAGE = YES_ERROR;
				CLANG_WARN_DOCUMENTATION_COMMENTS = YES;
				CLANG_WARN_EMPTY_BODY = YES;
				CLANG_WARN_ENUM_CONVERSION = YES;
				CLANG_WARN_INFINITE_RECURSION = YES;
				CLANG_WARN_INT_CONVERSION = YES;
				CLANG_WARN_NON_LITERAL_NULL_CONVERSION = YES;
				CLANG_WARN_OBJC_IMPLICIT_RETAIN_SELF = YES;
				CLANG_WARN_OBJC_LITERAL_CONVERSION = YES;
				CLANG_WARN_OBJC_ROOT_CLASS = YES_ERROR;
				CLANG_WARN_QUOTED_INCLUDE_IN_FRAMEWORK_HEADER = YES;
				CLANG_WARN_RANGE_LOOP_ANALYSIS = YES;
				CLANG_WARN_STRICT_PROTOTYPES = YES;
				CLANG_WARN_SUSPICIOUS_MOVE = YES;
				CLANG_WARN_UNGUARDED_AVAILABILITY = YES_AGGRESSIVE;
				CLANG_WARN_UNREACHABLE_CODE = YES;
				CLANG_WARN__DUPLICATE_METHOD_MATCH = YES;
				COPY_PHASE_STRIP = NO;
				DEBUG_INFORMATION_FORMAT = "dwarf-with-dsym";
				ENABLE_NS_ASSERTIONS = NO;
				ENABLE_STRICT_OBJC_MSGSEND = YES;
				GCC_C_LANGUAGE_STANDARD = gnu11;
				GCC_NO_COMMON_BLOCKS = YES;
				GCC_WARN_64_TO_32_BIT_CONVERSION = YES;
				GCC_WARN_ABOUT_RETURN_TYPE = YES_ERROR;
				GCC_WARN_UNDECLARED_SELECTOR = YES;
				GCC_WARN_UNINITIALIZED_AUTOS = YES_AGGRESSIVE;
				GCC_WARN_UNUSED_FUNCTION = YES;
				GCC_WARN_UNUSED_VARIABLE = YES;
				IPHONEOS_DEPLOYMENT_TARGET = 15.2;
				MTL_ENABLE_DEBUG_INFO = NO;
				MTL_FAST_MATH = YES;
				SDKROOT = iphoneos;
				SWIFT_COMPILATION_MODE = wholemodule;
				SWIFT_OPTIMIZATION_LEVEL = "-O";
				VALIDATE_PRODUCT = YES;
			};
			name = Release;
		};
		D6DEFD1A2A3C482C008165F8 /* Debug */ = {
			isa = XCBuildConfiguration;
			buildSettings = {
				ASSETCATALOG_COMPILER_APPICON_NAME = AppIcon;
				ASSETCATALOG_COMPILER_GLOBAL_ACCENT_COLOR_NAME = AccentColor;
				CODE_SIGN_STYLE = Automatic;
				CURRENT_PROJECT_VERSION = 1;
				DEVELOPMENT_ASSET_PATHS = "\"SwiftUISearchList/Preview Content\"";
				DEVELOPMENT_TEAM = K6LJCT8RAA;
				ENABLE_PREVIEWS = YES;
				GENERATE_INFOPLIST_FILE = YES;
				INFOPLIST_KEY_UIApplicationSceneManifest_Generation = YES;
				INFOPLIST_KEY_UIApplicationSupportsIndirectInputEvents = YES;
				INFOPLIST_KEY_UILaunchScreen_Generation = YES;
				INFOPLIST_KEY_UISupportedInterfaceOrientations_iPad = "UIInterfaceOrientationPortrait UIInterfaceOrientationPortraitUpsideDown UIInterfaceOrientationLandscapeLeft UIInterfaceOrientationLandscapeRight";
				INFOPLIST_KEY_UISupportedInterfaceOrientations_iPhone = "UIInterfaceOrientationPortrait UIInterfaceOrientationLandscapeLeft UIInterfaceOrientationLandscapeRight";
				LD_RUNPATH_SEARCH_PATHS = (
					"$(inherited)",
					"@executable_path/Frameworks",
				);
				MARKETING_VERSION = 1.0;
				PRODUCT_BUNDLE_IDENTIFIER = com.ios.SwiftUISearchList;
				PRODUCT_NAME = "$(TARGET_NAME)";
				SWIFT_EMIT_LOC_STRINGS = YES;
				SWIFT_VERSION = 5.0;
				TARGETED_DEVICE_FAMILY = "1,2";
			};
			name = Debug;
		};
		D6DEFD1B2A3C482C008165F8 /* Release */ = {
			isa = XCBuildConfiguration;
			buildSettings = {
				ASSETCATALOG_COMPILER_APPICON_NAME = AppIcon;
				ASSETCATALOG_COMPILER_GLOBAL_ACCENT_COLOR_NAME = AccentColor;
				CODE_SIGN_STYLE = Automatic;
				CURRENT_PROJECT_VERSION = 1;
				DEVELOPMENT_ASSET_PATHS = "\"SwiftUISearchList/Preview Content\"";
				DEVELOPMENT_TEAM = K6LJCT8RAA;
				ENABLE_PREVIEWS = YES;
				GENERATE_INFOPLIST_FILE = YES;
				INFOPLIST_KEY_UIApplicationSceneManifest_Generation = YES;
				INFOPLIST_KEY_UIApplicationSupportsIndirectInputEvents = YES;
				INFOPLIST_KEY_UILaunchScreen_Generation = YES;
				INFOPLIST_KEY_UISupportedInterfaceOrientations_iPad = "UIInterfaceOrientationPortrait UIInterfaceOrientationPortraitUpsideDown UIInterfaceOrientationLandscapeLeft UIInterfaceOrientationLandscapeRight";
				INFOPLIST_KEY_UISupportedInterfaceOrientations_iPhone = "UIInterfaceOrientationPortrait UIInterfaceOrientationLandscapeLeft UIInterfaceOrientationLandscapeRight";
				LD_RUNPATH_SEARCH_PATHS = (
					"$(inherited)",
					"@executable_path/Frameworks",
				);
				MARKETING_VERSION = 1.0;
				PRODUCT_BUNDLE_IDENTIFIER = com.ios.SwiftUISearchList;
				PRODUCT_NAME = "$(TARGET_NAME)";
				SWIFT_EMIT_LOC_STRINGS = YES;
				SWIFT_VERSION = 5.0;
				TARGETED_DEVICE_FAMILY = "1,2";
			};
			name = Release;
		};
		D6DEFD1D2A3C482C008165F8 /* Debug */ = {
			isa = XCBuildConfiguration;
			buildSettings = {
				ALWAYS_EMBED_SWIFT_STANDARD_LIBRARIES = YES;
				BUNDLE_LOADER = "$(TEST_HOST)";
				CODE_SIGN_STYLE = Automatic;
				CURRENT_PROJECT_VERSION = 1;
				DEVELOPMENT_TEAM = K6LJCT8RAA;
				GENERATE_INFOPLIST_FILE = YES;
				IPHONEOS_DEPLOYMENT_TARGET = 15.2;
				MARKETING_VERSION = 1.0;
				PRODUCT_BUNDLE_IDENTIFIER = com.ios.SwiftUISearchListTests;
				PRODUCT_NAME = "$(TARGET_NAME)";
				SWIFT_EMIT_LOC_STRINGS = NO;
				SWIFT_VERSION = 5.0;
				TARGETED_DEVICE_FAMILY = "1,2";
				TEST_HOST = "$(BUILT_PRODUCTS_DIR)/SwiftUISearchList.app/SwiftUISearchList";
			};
			name = Debug;
		};
		D6DEFD1E2A3C482C008165F8 /* Release */ = {
			isa = XCBuildConfiguration;
			buildSettings = {
				ALWAYS_EMBED_SWIFT_STANDARD_LIBRARIES = YES;
				BUNDLE_LOADER = "$(TEST_HOST)";
				CODE_SIGN_STYLE = Automatic;
				CURRENT_PROJECT_VERSION = 1;
				DEVELOPMENT_TEAM = K6LJCT8RAA;
				GENERATE_INFOPLIST_FILE = YES;
				IPHONEOS_DEPLOYMENT_TARGET = 15.2;
				MARKETING_VERSION = 1.0;
				PRODUCT_BUNDLE_IDENTIFIER = com.ios.SwiftUISearchListTests;
				PRODUCT_NAME = "$(TARGET_NAME)";
				SWIFT_EMIT_LOC_STRINGS = NO;
				SWIFT_VERSION = 5.0;
				TARGETED_DEVICE_FAMILY = "1,2";
				TEST_HOST = "$(BUILT_PRODUCTS_DIR)/SwiftUISearchList.app/SwiftUISearchList";
			};
			name = Release;
		};
		D6DEFD202A3C482C008165F8 /* Debug */ = {
			isa = XCBuildConfiguration;
			buildSettings = {
				ALWAYS_EMBED_SWIFT_STANDARD_LIBRARIES = YES;
				CODE_SIGN_STYLE = Automatic;
				CURRENT_PROJECT_VERSION = 1;
				DEVELOPMENT_TEAM = K6LJCT8RAA;
				GENERATE_INFOPLIST_FILE = YES;
				MARKETING_VERSION = 1.0;
				PRODUCT_BUNDLE_IDENTIFIER = com.ios.SwiftUISearchListUITests;
				PRODUCT_NAME = "$(TARGET_NAME)";
				SWIFT_EMIT_LOC_STRINGS = NO;
				SWIFT_VERSION = 5.0;
				TARGETED_DEVICE_FAMILY = "1,2";
				TEST_TARGET_NAME = SwiftUISearchList;
			};
			name = Debug;
		};
		D6DEFD212A3C482C008165F8 /* Release */ = {
			isa = XCBuildConfiguration;
			buildSettings = {
				ALWAYS_EMBED_SWIFT_STANDARD_LIBRARIES = YES;
				CODE_SIGN_STYLE = Automatic;
				CURRENT_PROJECT_VERSION = 1;
				DEVELOPMENT_TEAM = K6LJCT8RAA;
				GENERATE_INFOPLIST_FILE = YES;
				MARKETING_VERSION = 1.0;
				PRODUCT_BUNDLE_IDENTIFIER = com.ios.SwiftUISearchListUITests;
				PRODUCT_NAME = "$(TARGET_NAME)";
				SWIFT_EMIT_LOC_STRINGS = NO;
				SWIFT_VERSION = 5.0;
				TARGETED_DEVICE_FAMILY = "1,2";
				TEST_TARGET_NAME = SwiftUISearchList;
			};
			name = Release;
		};
/* End XCBuildConfiguration section */

/* Begin XCConfigurationList section */
		D6DEFCF02A3C4829008165F8 /* Build configuration list for PBXProject "SwiftUISearchList" */ = {
			isa = XCConfigurationList;
			buildConfigurations = (
				D6DEFD172A3C482C008165F8 /* Debug */,
				D6DEFD182A3C482C008165F8 /* Release */,
			);
			defaultConfigurationIsVisible = 0;
			defaultConfigurationName = Release;
		};
		D6DEFD192A3C482C008165F8 /* Build configuration list for PBXNativeTarget "SwiftUISearchList" */ = {
			isa = XCConfigurationList;
			buildConfigurations = (
				D6DEFD1A2A3C482C008165F8 /* Debug */,
				D6DEFD1B2A3C482C008165F8 /* Release */,
			);
			defaultConfigurationIsVisible = 0;
			defaultConfigurationName = Release;
		};
		D6DEFD1C2A3C482C008165F8 /* Build configuration list for PBXNativeTarget "SwiftUISearchListTests" */ = {
			isa = XCConfigurationList;
			buildConfigurations = (
				D6DEFD1D2A3C482C008165F8 /* Debug */,
				D6DEFD1E2A3C482C008165F8 /* Release */,
			);
			defaultConfigurationIsVisible = 0;
			defaultConfigurationName = Release;
		};
		D6DEFD1F2A3C482C008165F8 /* Build configuration list for PBXNativeTarget "SwiftUISearchListUITests" */ = {
			isa = XCConfigurationList;
			buildConfigurations = (
				D6DEFD202A3C482C008165F8 /* Debug */,
				D6DEFD212A3C482C008165F8 /* Release */,
			);
			defaultConfigurationIsVisible = 0;
			defaultConfigurationName = Release;
		};
/* End XCConfigurationList section */
	};
	rootObject = D6DEFCED2A3C4829008165F8 /* Project object */;
}
